
Microsoft Visual Studio Solution File, Format Version 12.00
# Visual Studio Version 17
VisualStudioVersion = 17.0.31903.59
MinimumVisualStudioVersion = 10.0.40219.1
Project("{9A19103F-16F7-4668-BE54-9A1E7A4F7556}") = "PollySandbox", "src\PollySandbox\PollySandbox.csproj", "{17C273F7-B6EF-46DD-84E9-2E50687E7023}"
EndProject
Project("{9A19103F-16F7-4668-BE54-9A1E7A4F7556}") = "PollySandbox.Tests", "tests\PollySandbox.Tests\PollySandbox.Tests.csproj", "{7B45014E-FF63-40D9-A96C-C9ECEA448835}"
EndProject
Global
	GlobalSection(SolutionConfigurationPlatforms) = preSolution
		Debug|Any CPU = Debug|Any CPU
		Release|Any CPU = Release|Any CPU
	EndGlobalSection
	GlobalSection(ProjectConfigurationPlatforms) = postSolution
		{17C273F7-B6EF-46DD-84E9-2E50687E7023}.Debug|Any CPU.ActiveCfg = Debug|Any CPU
		{17C273F7-B6EF-46DD-84E9-2E50687E7023}.Debug|Any CPU.Build.0 = Debug|Any CPU
		{17C273F7-B6EF-46DD-84E9-2E50687E7023}.Release|Any CPU.ActiveCfg = Release|Any CPU
		{17C273F7-B6EF-46DD-84E9-2E50687E7023}.Release|Any CPU.Build.0 = Release|Any CPU
		{7B45014E-FF63-40D9-A96C-C9ECEA448835}.Debug|Any CPU.ActiveCfg = Debug|Any CPU
		{7B45014E-FF63-40D9-A96C-C9ECEA448835}.Debug|Any CPU.Build.0 = Debug|Any CPU
		{7B45014E-FF63-40D9-A96C-C9ECEA448835}.Release|Any CPU.ActiveCfg = Release|Any CPU
		{7B45014E-FF63-40D9-A96C-C9ECEA448835}.Release|Any CPU.Build.0 = Release|Any CPU
	EndGlobalSection
	GlobalSection(SolutionProperties) = preSolution
		HideSolutionNode = FALSE
	EndGlobalSection
	GlobalSection(ExtensibilityGlobals) = postSolution
		SolutionGuid = {807408D2-A4AB-41DF-849B-D4C01CACD2FE}
	EndGlobalSection
EndGlobal
